PODS:
  - Flutter (1.0.0)
  - flutter_aes_ecb_pkcs5_fork (0.0.1):
    - Flutter

DEPENDENCIES:
  - Flutter (from `Flutter`)
  - flutter_aes_ecb_pkcs5_fork (from `.symlinks/plugins/flutter_aes_ecb_pkcs5_fork/ios`)

EXTERNAL SOURCES:
  Flutter:
    :path: Flutter
  flutter_aes_ecb_pkcs5_fork:
    :path: ".symlinks/plugins/flutter_aes_ecb_pkcs5_fork/ios"

SPEC CHECKSUMS:
  Flutter: 50d75fe2f02b26cc09d224853bb45737f8b3214a
  flutter_aes_ecb_pkcs5_fork: 627d91af2884610f9a54d686a2372d5efe3ff060

PODFILE CHECKSUM: aafe91acc616949ddb318b77800a7f51bffa2a4c

COCOAPODS: 1.9.1
